{
  "name": "nightlife",
  "lockfileVersion": 3,
  "requires": true,
  "packages": {
    "node_modules/@esbuild/darwin-arm64": {
      "version": "0.23.1",
      "resolved": "https://registry.npmjs.org/@esbuild/darwin-arm64/-/darwin-arm64-0.23.1.tgz",
      "integrity": "sha512-YsS2e3Wtgnw7Wq53XXBLcV6JhRsEq8hkfg91ESVadIrzr9wO6jJDMZnCQbHm1Guc5t/CdDiFSSfWP58FNuvT3Q==",
      "cpu": [
        "arm64"
      ],
      "os": [
        "darwin"
      ],
      "engines": {
        "node": ">=18"
      }
    }
  }
}
